// !$*UTF8*$!
{
	archiveVersion = 1;
	classes = {
	};
	objectVersion = 46;
	objects = {

/* Begin PBXBuildFile section */
		4CF395451CE39AFE00CFD8AE /* main.m in Sources */ = {isa = PBXBuildFile; fileRef = 4CF395441CE39AFE00CFD8AE /* main.m */; };
		4CF395481CE39AFE00CFD8AE /* AppDelegate.m in Sources */ = {isa = PBXBuildFile; fileRef = 4CF395471CE39AFE00CFD8AE /* AppDelegate.m */; };
		4CF3954B1CE39AFE00CFD8AE /* ViewController.m in Sources */ = {isa = PBXBuildFile; fileRef = 4CF3954A1CE39AFE00CFD8AE /* ViewController.m */; };
		4CF3954E1CE39AFE00CFD8AE /* Main.storyboard in Resources */ = {isa = PBXBuildFile; fileRef = 4CF3954C1CE39AFE00CFD8AE /* Main.storyboard */; };
		4CF395501CE39AFE00CFD8AE /* Assets.xcassets in Resources */ = {isa = PBXBuildFile; fileRef = 4CF3954F1CE39AFE00CFD8AE /* Assets.xcassets */; };
		4CF395531CE39AFE00CFD8AE /* LaunchScreen.storyboard in Resources */ = {isa = PBXBuildFile; fileRef = 4CF395511CE39AFE00CFD8AE /* LaunchScreen.storyboard */; };
		4CF3955F1CE39F9500CFD8AE /* Magic-ball-icon.png in Resources */ = {isa = PBXBuildFile; fileRef = 4CF3955E1CE39F9500CFD8AE /* Magic-ball-icon.png */; };
		4CF395621CE3A1BE00CFD8AE /* MagicBallModel.m in Sources */ = {isa = PBXBuildFile; fileRef = 4CF395611CE3A1BE00CFD8AE /* MagicBallModel.m */; };
/* End PBXBuildFile section */

/* Begin PBXFileReference section */
		4CF395401CE39AFE00CFD8AE /* BDJMagicBall.app */ = {isa = PBXFileReference; explicitFileType = wrapper.application; includeInIndex = 0; path = BDJMagicBall.app; sourceTree = BUILT_PRODUCTS_DIR; };
		4CF395441CE39AFE00CFD8AE /* main.m */ = {isa = PBXFileReference; lastKnownFileType = sourcecode.c.objc; path = main.m; sourceTree = "<group>"; };
		4CF395461CE39AFE00CFD8AE /* AppDelegate.h */ = {isa = PBXFileReference; lastKnownFileType = sourcecode.c.h; path = AppDelegate.h; sourceTree = "<group>"; };
		4CF395471CE39AFE00CFD8AE /* AppDelegate.m */ = {isa = PBXFileReference; lastKnownFileType = sourcecode.c.objc; path = AppDelegate.m; sourceTree = "<group>"; };
		4CF395491CE39AFE00CFD8AE /* ViewController.h */ = {isa = PBXFileReference; lastKnownFileType = sourcecode.c.h; path = ViewController.h; sourceTree = "<group>"; };
		4CF3954A1CE39AFE00CFD8AE /* ViewController.m */ = {isa = PBXFileReference; lastKnownFileType = sourcecode.c.objc; path = ViewController.m; sourceTree = "<group>"; };
		4CF3954D1CE39AFE00CFD8AE /* Base */ = {isa = PBXFileReference; lastKnownFileType = file.storyboard; name = Base; path = Base.lproj/Main.storyboard; sourceTree = "<group>"; };
		4CF3954F1CE39AFE00CFD8AE /* Assets.xcassets */ = {isa = PBXFileReference; lastKnownFileType = folder.assetcatalog; path = Assets.xcassets; sourceTree = "<group>"; };
		4CF395521CE39AFE00CFD8AE /* Base */ = {isa = PBXFileReference; lastKnownFileType = file.storyboard; name = Base; path = Base.lproj/LaunchScreen.storyboard; sourceTree = "<group>"; };
		4CF395541CE39AFE00CFD8AE /* Info.plist */ = {isa = PBXFileReference; lastKnownFileType = text.plist.xml; path = Info.plist; sourceTree = "<group>"; };
		4CF3955E1CE39F9500CFD8AE /* Magic-ball-icon.png */ = {isa = PBXFileReference; lastKnownFileType = image.png; name = "Magic-ball-icon.png"; path = "../../../Downloads/Magic-ball-icon.png"; sourceTree = "<group>"; };
		4CF395601CE3A1BE00CFD8AE /* MagicBallModel.h */ = {isa = PBXFileReference; fileEncoding = 4; lastKnownFileType = sourcecode.c.h; path = MagicBallModel.h; sourceTree = "<group>"; };
		4CF395611CE3A1BE00CFD8AE /* MagicBallModel.m */ = {isa = PBXFileReference; fileEncoding = 4; lastKnownFileType = sourcecode.c.objc; path = MagicBallModel.m; sourceTree = "<group>"; };
/* End PBXFileReference section */

/* Begin PBXFrameworksBuildPhase section */
		4CF3953D1CE39AFE00CFD8AE /* Frameworks */ = {
			isa = PBXFrameworksBuildPhase;
			buildActionMask = 2147483647;
			files = (
			);
			runOnlyForDeploymentPostprocessing = 0;
		};
/* End PBXFrameworksBuildPhase section */

/* Begin PBXGroup section */
		4CF395371CE39AFE00CFD8AE = {
			isa = PBXGroup;
			children = (
				4CF395421CE39AFE00CFD8AE /* BDJMagicBall */,
				4CF395411CE39AFE00CFD8AE /* Products */,
			);
			sourceTree = "<group>";
		};
		4CF395411CE39AFE00CFD8AE /* Products */ = {
			isa = PBXGroup;
			children = (
				4CF395401CE39AFE00CFD8AE /* BDJMagicBall.app */,
			);
			name = Products;
			sourceTree = "<group>";
		};
		4CF395421CE39AFE00CFD8AE /* BDJMagicBall */ = {
			isa = PBXGroup;
			children = (
				4CF3955E1CE39F9500CFD8AE /* Magic-ball-icon.png */,
				4CF395461CE39AFE00CFD8AE /* AppDelegate.h */,
				4CF395471CE39AFE00CFD8AE /* AppDelegate.m */,
				4CF395491CE39AFE00CFD8AE /* ViewController.h */,
				4CF3954A1CE39AFE00CFD8AE /* ViewController.m */,
				4CF3954C1CE39AFE00CFD8AE /* Main.storyboard */,
				4CF3954F1CE39AFE00CFD8AE /* Assets.xcassets */,
				4CF395511CE39AFE00CFD8AE /* LaunchScreen.storyboard */,
				4CF395541CE39AFE00CFD8AE /* Info.plist */,
				4CF395431CE39AFE00CFD8AE /* Supporting Files */,
				4CF395601CE3A1BE00CFD8AE /* MagicBallModel.h */,
				4CF395611CE3A1BE00CFD8AE /* MagicBallModel.m */,
			);
			path = BDJMagicBall;
			sourceTree = "<group>";
		};
		4CF395431CE39AFE00CFD8AE /* Supporting Files */ = {
			isa = PBXGroup;
			children = (
				4CF395441CE39AFE00CFD8AE /* main.m */,
			);
			name = "Supporting Files";
			sourceTree = "<group>";
		};
/* End PBXGroup section */

/* Begin PBXNativeTarget section */
		4CF3953F1CE39AFE00CFD8AE /* BDJMagicBall */ = {
			isa = PBXNativeTarget;
			buildConfigurationList = 4CF395571CE39AFE00CFD8AE /* Build configuration list for PBXNativeTarget "BDJMagicBall" */;
			buildPhases = (
				4CF3953C1CE39AFE00CFD8AE /* Sources */,
				4CF3953D1CE39AFE00CFD8AE /* Frameworks */,
				4CF3953E1CE39AFE00CFD8AE /* Resources */,
			);
			buildRules = (
			);
			dependencies = (
			);
			name = BDJMagicBall;
			productName = BDJMagicBall;
			productReference = 4CF395401CE39AFE00CFD8AE /* BDJMagicBall.app */;
			productType = "com.apple.product-type.application";
		};
/* End PBXNativeTarget section */

/* Begin PBXProject section */
		4CF395381CE39AFE00CFD8AE /* Project object */ = {
			isa = PBXProject;
			attributes = {
				LastUpgradeCheck = 0720;
				ORGANIZATIONNAME = epita;
				TargetAttributes = {
					4CF3953F1CE39AFE00CFD8AE = {
						CreatedOnToolsVersion = 7.2.1;
					};
				};
			};
			buildConfigurationList = 4CF3953B1CE39AFE00CFD8AE /* Build configuration list for PBXProject "BDJMagicBall" */;
			compatibilityVersion = "Xcode 3.2";
			developmentRegion = English;
			hasScannedForEncodings = 0;
			knownRegions = (
				en,
				Base,
			);
			mainGroup = 4CF395371CE39AFE00CFD8AE;
			productRefGroup = 4CF395411CE39AFE00CFD8AE /* Products */;
			projectDirPath = "";
			projectRoot = "";
			targets = (
				4CF3953F1CE39AFE00CFD8AE /* BDJMagicBall */,
			);
		};
/* End PBXProject section */

/* Begin PBXResourcesBuildPhase section */
		4CF3953E1CE39AFE00CFD8AE /* Resources */ = {
			isa = PBXResourcesBuildPhase;
			buildActionMask = 2147483647;
			files = (
				4CF395531CE39AFE00CFD8AE /* LaunchScreen.storyboard in Resources */,
				4CF3955F1CE39F9500CFD8AE /* Magic-ball-icon.png in Resources */,
				4CF395501CE39AFE00CFD8AE /* Assets.xcassets in Resources */,
				4CF3954E1CE39AFE00CFD8AE /* Main.storyboard in Resources */,
			);
			runOnlyForDeploymentPostprocessing = 0;
		};
/* End PBXResourcesBuildPhase section */

/* Begin PBXSourcesBuildPhase section */
		4CF3953C1CE39AFE00CFD8AE /* Sources */ = {
			isa = PBXSourcesBuildPhase;
			buildActionMask = 2147483647;
			files = (
				4CF395621CE3A1BE00CFD8AE /* MagicBallModel.m in Sources */,
				4CF3954B1CE39AFE00CFD8AE /* ViewController.m in Sources */,
				4CF395481CE39AFE00CFD8AE /* AppDelegate.m in Sources */,
				4CF395451CE39AFE00CFD8AE /* main.m in Sources */,
			);
			runOnlyForDeploymentPostprocessing = 0;
		};
/* End PBXSourcesBuildPhase section */

/* Begin PBXVariantGroup section */
		4CF3954C1CE39AFE00CFD8AE /* Main.storyboard */ = {
			isa = PBXVariantGroup;
			children = (
				4CF3954D1CE39AFE00CFD8AE /* Base */,
			);
			name = Main.storyboard;
			sourceTree = "<group>";
		};
		4CF395511CE39AFE00CFD8AE /* LaunchScreen.storyboard */ = {
			isa = PBXVariantGroup;
			children = (
				4CF395521CE39AFE00CFD8AE /* Base */,
			);
			name = LaunchScreen.storyboard;
			sourceTree = "<group>";
		};
/* End PBXVariantGroup section */

/* Begin XCBuildConfiguration section */
		4CF395551CE39AFE00CFD8AE /* Debug */ = {
			isa = XCBuildConfiguration;
			buildSettings = {
				ALWAYS_SEARCH_USER_PATHS = NO;
				CLANG_CXX_LANGUAGE_STANDARD = "gnu++0x";
				CLANG_CXX_LIBRARY = "libc++";
				CLANG_ENABLE_MODULES = YES;
				CLANG_ENABLE_OBJC_ARC = YES;
				CLANG_WARN_BOOL_CONVERSION = YES;
				CLANG_WARN_CONSTANT_CONVERSION = YES;
				CLANG_WARN_DIRECT_OBJC_ISA_USAGE = YES_ERROR;
				CLANG_WARN_EMPTY_BODY = YES;
				CLANG_WARN_ENUM_CONVERSION = YES;
				CLANG_WARN_INT_CONVERSION = YES;
				CLANG_WARN_OBJC_ROOT_CLASS = YES_ERROR;
				CLANG_WARN_UNREACHABLE_CODE = YES;
				CLANG_WARN__DUPLICATE_METHOD_MATCH = YES;
				"CODE_SIGN_IDENTITY[sdk=iphoneos*]" = "iPhone Developer";
				COPY_PHASE_STRIP = NO;
				DEBUG_INFORMATION_FORMAT = dwarf;
				ENABLE_STRICT_OBJC_MSGSEND = YES;
				ENABLE_TESTABILITY = YES;
				GCC_C_LANGUAGE_STANDARD = gnu99;
				GCC_DYNAMIC_NO_PIC = NO;
				GCC_NO_COMMON_BLOCKS = YES;
				GCC_OPTIMIZATION_LEVEL = 0;
				GCC_PREPROCESSOR_DEFINITIONS = (
					"DEBUG=1",
					"$(inherited)",
				);
				GCC_WARN_64_TO_32_BIT_CONVERSION = YES;
				GCC_WARN_ABOUT_RETURN_TYPE = YES_ERROR;
				GCC_WARN_UNDECLARED_SELECTOR = YES;
				GCC_WARN_UNINITIALIZED_AUTOS = YES_AGGRESSIVE;
				GCC_WARN_UNUSED_FUNCTION = YES;
				GCC_WARN_UNUSED_VARIABLE = YES;
				IPHONEOS_DEPLOYMENT_TARGET = 9.2;
				MTL_ENABLE_DEBUG_INFO = YES;
				ONLY_ACTIVE_ARCH = YES;
				SDKROOT = iphoneos;
				TARGETED_DEVICE_FAMILY = "1,2";
			};
			name = Debug;
		};
		4CF395561CE39AFE00CFD8AE /* Release */ = {
			isa = XCBuildConfiguration;
			buildSettings = {
				ALWAYS_SEARCH_USER_PATHS = NO;
				CLANG_CXX_LANGUAGE_STANDARD = "gnu++0x";
				CLANG_CXX_LIBRARY = "libc++";
				CLANG_ENABLE_MODULES = YES;
				CLANG_ENABLE_OBJC_ARC = YES;
				CLANG_WARN_BOOL_CONVERSION = YES;
				CLANG_WARN_CONSTANT_CONVERSION = YES;
				CLANG_WARN_DIRECT_OBJC_ISA_USAGE = YES_ERROR;
				CLANG_WARN_EMPTY_BODY = YES;
				CLANG_WARN_ENUM_CONVERSION = YES;
				CLANG_WARN_INT_CONVERSION = YES;
				CLANG_WARN_OBJC_ROOT_CLASS = YES_ERROR;
				CLANG_WARN_UNREACHABLE_CODE = YES;
				CLANG_WARN__DUPLICATE_METHOD_MATCH = YES;
				"CODE_SIGN_IDENTITY[sdk=iphoneos*]" = "iPhone Developer";
				COPY_PHASE_STRIP = NO;
				DEBUG_INFORMATION_FORMAT = "dwarf-with-dsym";
				ENABLE_NS_ASSERTIONS = NO;
				ENABLE_STRICT_OBJC_MSGSEND = YES;
				GCC_C_LANGUAGE_STANDARD = gnu99;
				GCC_NO_COMMON_BLOCKS = YES;
				GCC_WARN_64_TO_32_BIT_CONVERSION = YES;
				GCC_WARN_ABOUT_RETURN_TYPE = YES_ERROR;
				GCC_WARN_UNDECLARED_SELECTOR = YES;
				GCC_WARN_UNINITIALIZED_AUTOS = YES_AGGRESSIVE;
				GCC_WARN_UNUSED_FUNCTION = YES;
				GCC_WARN_UNUSED_VARIABLE = YES;
				IPHONEOS_DEPLOYMENT_TARGET = 9.2;
				MTL_ENABLE_DEBUG_INFO = NO;
				SDKROOT = iphoneos;
				TARGETED_DEVICE_FAMILY = "1,2";
				VALIDATE_PRODUCT = YES;
			};
			name = Release;
		};
		4CF395581CE39AFE00CFD8AE /* Debug */ = {
			isa = XCBuildConfiguration;
			buildSettings = {
				ASSETCATALOG_COMPILER_APPICON_NAME = AppIcon;
				INFOPLIST_FILE = BDJMagicBall/Info.plist;
				LD_RUNPATH_SEARCH_PATHS = "$(inherited) @executable_path/Frameworks";
				PRODUCT_BUNDLE_IDENTIFIER = bless.BDJMagicBall;
				PRODUCT_NAME = "$(TARGET_NAME)";
			};
			name = Debug;
		};
		4CF395591CE39AFE00CFD8AE /* Release */ = {
			isa = XCBuildConfiguration;
			buildSettings = {
				ASSETCATALOG_COMPILER_APPICON_NAME = AppIcon;
				INFOPLIST_FILE = BDJMagicBall/Info.plist;
				LD_RUNPATH_SEARCH_PATHS = "$(inherited) @executable_path/Frameworks";
				PRODUCT_BUNDLE_IDENTIFIER = bless.BDJMagicBall;
				PRODUCT_NAME = "$(TARGET_NAME)";
			};
			name = Release;
		};
/* End XCBuildConfiguration section */

/* Begin XCConfigurationList section */
		4CF3953B1CE39AFE00CFD8AE /* Build configuration list for PBXProject "BDJMagicBall" */ = {
			isa = XCConfigurationList;
			buildConfigurations = (
				4CF395551CE39AFE00CFD8AE /* Debug */,
				4CF395561CE39AFE00CFD8AE /* Release */,
			);
			defaultConfigurationIsVisible = 0;
			defaultConfigurationName = Release;
		};
		4CF395571CE39AFE00CFD8AE /* Build configuration list for PBXNativeTarget "BDJMagicBall" */ = {
			isa = XCConfigurationList;
			buildConfigurations = (
				4CF395581CE39AFE00CFD8AE /* Debug */,
				4CF395591CE39AFE00CFD8AE /* Release */,
			);
			defaultConfigurationIsVisible = 0;
		};
/* End XCConfigurationList section */
	};
	rootObject = 4CF395381CE39AFE00CFD8AE /* Project object */;
}
